{
    "_meta": {
        "hash": {
            "sha256": "124c661a8eaeccac6a0144795daf087781a9c66dce0bcb13f601a3cb657f479f"
        },
        "pipfile-spec": 6,
        "requires": {
            "python_version": "3.11"
        },
        "sources": [
            {
                "name": "pypi",
                "url": "https://pypi.org/simple/",
                "verify_ssl": true
            }
        ]
    },
    "default": {
        "anyio": {
            "hashes": [
                "sha256:3f3fae35c96039744587aa5b8371e7e8e603c0702999535961dd336026973ba6",
                "sha256:60e474ac86736bbfd6f210f7a61218939c318f43f9972497381f1c5e930ed3d1"
            ],
            "markers": "python_version >= '3.9'",
            "version": "==4.10.0"
        },
        "backoff": {
            "hashes": [
                "sha256:03f829f5bb1923180821643f8753b0502c3b682293992485b0eef2807afa5cba",
                "sha256:63579f9a0628e06278f7e47b7d7d5b6ce20dc65c5e96a6f3ca99a6adca0396e8"
            ],
            "markers": "python_version >= '3.7' and python_version < '4.0'",
            "version": "==2.2.1"
        },
        "certifi": {
            "hashes": [
                "sha256:3d5da6925056f6f18f119200434a4780a94263f10d1c21d032a6f6b2baa20651",
                "sha256:ca78db4565a652026a4db2bcdf68f2fb589ea80d0be70e03929ed730746b84fe"
            ],
            "markers": "python_version >= '3.6'",
            "version": "==2025.1.31"
        },
        "charset-normalizer": {
            "hashes": [
                "sha256:0167ddc8ab6508fe81860a57dd472b2ef4060e8d378f0cc555707126830f2537",
                "sha256:01732659ba9b5b873fc117534143e4feefecf3b2078b0a6a2e925271bb6f4cfa",
                "sha256:01ad647cdd609225c5350561d084b42ddf732f4eeefe6e678765636791e78b9a",
                "sha256:04432ad9479fa40ec0f387795ddad4437a2b50417c69fa275e212933519ff294",
                "sha256:0907f11d019260cdc3f94fbdb23ff9125f6b5d1039b76003b5b0ac9d6a6c9d5b",
                "sha256:0924e81d3d5e70f8126529951dac65c1010cdf117bb75eb02dd12339b57749dd",
                "sha256:09b26ae6b1abf0d27570633b2b078a2a20419c99d66fb2823173d73f188ce601",
                "sha256:09b5e6733cbd160dcc09589227187e242a30a49ca5cefa5a7edd3f9d19ed53fd",
                "sha256:0af291f4fe114be0280cdd29d533696a77b5b49cfde5467176ecab32353395c4",
                "sha256:0f55e69f030f7163dffe9fd0752b32f070566451afe180f99dbeeb81f511ad8d",
                "sha256:1a2bc9f351a75ef49d664206d51f8e5ede9da246602dc2d2726837620ea034b2",
                "sha256:22e14b5d70560b8dd51ec22863f370d1e595ac3d024cb8ad7d308b4cd95f8313",
                "sha256:234ac59ea147c59ee4da87a0c0f098e9c8d169f4dc2a159ef720f1a61bbe27cd",
                "sha256:2369eea1ee4a7610a860d88f268eb39b95cb588acd7235e02fd5a5601773d4fa",
                "sha256:237bdbe6159cff53b4f24f397d43c6336c6b0b42affbe857970cefbb620911c8",
                "sha256:28bf57629c75e810b6ae989f03c0828d64d6b26a5e205535585f96093e405ed1",
                "sha256:2967f74ad52c3b98de4c3b32e1a44e32975e008a9cd2a8cc8966d6a5218c5cb2",
                "sha256:2a75d49014d118e4198bcee5ee0a6f25856b29b12dbf7cd012791f8a6cc5c496",
                "sha256:2bdfe3ac2e1bbe5b59a1a63721eb3b95fc9b6817ae4a46debbb4e11f6232428d",
                "sha256:2d074908e1aecee37a7635990b2c6d504cd4766c7bc9fc86d63f9c09af3fa11b",
                "sha256:2fb9bd477fdea8684f78791a6de97a953c51831ee2981f8e4f583ff3b9d9687e",
                "sha256:311f30128d7d333eebd7896965bfcfbd0065f1716ec92bd5638d7748eb6f936a",
                "sha256:329ce159e82018d646c7ac45b01a430369d526569ec08516081727a20e9e4af4",
                "sha256:345b0426edd4e18138d6528aed636de7a9ed169b4aaf9d61a8c19e39d26838ca",
                "sha256:363e2f92b0f0174b2f8238240a1a30142e3db7b957a5dd5689b0e75fb717cc78",
                "sha256:3a3bd0dcd373514dcec91c411ddb9632c0d7d92aed7093b8c3bbb6d69ca74408",
                "sha256:3bed14e9c89dcb10e8f3a29f9ccac4955aebe93c71ae803af79265c9ca5644c5",
                "sha256:44251f18cd68a75b56585dd00dae26183e102cd5e0f9f1466e6df5da2ed64ea3",
                "sha256:44ecbf16649486d4aebafeaa7ec4c9fed8b88101f4dd612dcaf65d5e815f837f",
                "sha256:4532bff1b8421fd0a320463030c7520f56a79c9024a4e88f01c537316019005a",
                "sha256:49402233c892a461407c512a19435d1ce275543138294f7ef013f0b63d5d3765",
                "sha256:4c0907b1928a36d5a998d72d64d8eaa7244989f7aaaf947500d3a800c83a3fd6",
                "sha256:4d86f7aff21ee58f26dcf5ae81a9addbd914115cdebcbb2217e4f0ed8982e146",
                "sha256:5777ee0881f9499ed0f71cc82cf873d9a0ca8af166dfa0af8ec4e675b7df48e6",
                "sha256:5df196eb874dae23dcfb968c83d4f8fdccb333330fe1fc278ac5ceeb101003a9",
                "sha256:619a609aa74ae43d90ed2e89bdd784765de0a25ca761b93e196d938b8fd1dbbd",
                "sha256:6e27f48bcd0957c6d4cb9d6fa6b61d192d0b13d5ef563e5f2ae35feafc0d179c",
                "sha256:6ff8a4a60c227ad87030d76e99cd1698345d4491638dfa6673027c48b3cd395f",
                "sha256:73d94b58ec7fecbc7366247d3b0b10a21681004153238750bb67bd9012414545",
                "sha256:7461baadb4dc00fd9e0acbe254e3d7d2112e7f92ced2adc96e54ef6501c5f176",
                "sha256:75832c08354f595c760a804588b9357d34ec00ba1c940c15e31e96d902093770",
                "sha256:7709f51f5f7c853f0fb938bcd3bc59cdfdc5203635ffd18bf354f6967ea0f824",
                "sha256:78baa6d91634dfb69ec52a463534bc0df05dbd546209b79a3880a34487f4b84f",
                "sha256:7974a0b5ecd505609e3b19742b60cee7aa2aa2fb3151bc917e6e2646d7667dcf",
                "sha256:7a4f97a081603d2050bfaffdefa5b02a9ec823f8348a572e39032caa8404a487",
                "sha256:7b1bef6280950ee6c177b326508f86cad7ad4dff12454483b51d8b7d673a2c5d",
                "sha256:7d053096f67cd1241601111b698f5cad775f97ab25d81567d3f59219b5f1adbd",
                "sha256:804a4d582ba6e5b747c625bf1255e6b1507465494a40a2130978bda7b932c90b",
                "sha256:807f52c1f798eef6cf26beb819eeb8819b1622ddfeef9d0977a8502d4db6d534",
                "sha256:80ed5e856eb7f30115aaf94e4a08114ccc8813e6ed1b5efa74f9f82e8509858f",
                "sha256:8417cb1f36cc0bc7eaba8ccb0e04d55f0ee52df06df3ad55259b9a323555fc8b",
                "sha256:8436c508b408b82d87dc5f62496973a1805cd46727c34440b0d29d8a2f50a6c9",
                "sha256:89149166622f4db9b4b6a449256291dc87a99ee53151c74cbd82a53c8c2f6ccd",
                "sha256:8bfa33f4f2672964266e940dd22a195989ba31669bd84629f05fab3ef4e2d125",
                "sha256:8c60ca7339acd497a55b0ea5d506b2a2612afb2826560416f6894e8b5770d4a9",
                "sha256:91b36a978b5ae0ee86c394f5a54d6ef44db1de0815eb43de826d41d21e4af3de",
                "sha256:955f8851919303c92343d2f66165294848d57e9bba6cf6e3625485a70a038d11",
                "sha256:97f68b8d6831127e4787ad15e6757232e14e12060bec17091b85eb1486b91d8d",
                "sha256:9b23ca7ef998bc739bf6ffc077c2116917eabcc901f88da1b9856b210ef63f35",
                "sha256:9f0b8b1c6d84c8034a44893aba5e767bf9c7a211e313a9605d9c617d7083829f",
                "sha256:aabfa34badd18f1da5ec1bc2715cadc8dca465868a4e73a0173466b688f29dda",
                "sha256:ab36c8eb7e454e34e60eb55ca5d241a5d18b2c6244f6827a30e451c42410b5f7",
                "sha256:b010a7a4fd316c3c484d482922d13044979e78d1861f0e0650423144c616a46a",
                "sha256:b1ac5992a838106edb89654e0aebfc24f5848ae2547d22c2c3f66454daa11971",
                "sha256:b7b2d86dd06bfc2ade3312a83a5c364c7ec2e3498f8734282c6c3d4b07b346b8",
                "sha256:b97e690a2118911e39b4042088092771b4ae3fc3aa86518f84b8cf6888dbdb41",
                "sha256:bc2722592d8998c870fa4e290c2eec2c1569b87fe58618e67d38b4665dfa680d",
                "sha256:c0429126cf75e16c4f0ad00ee0eae4242dc652290f940152ca8c75c3a4b6ee8f",
                "sha256:c30197aa96e8eed02200a83fba2657b4c3acd0f0aa4bdc9f6c1af8e8962e0757",
                "sha256:c4c3e6da02df6fa1410a7680bd3f63d4f710232d3139089536310d027950696a",
                "sha256:c75cb2a3e389853835e84a2d8fb2b81a10645b503eca9bcb98df6b5a43eb8886",
                "sha256:c96836c97b1238e9c9e3fe90844c947d5afbf4f4c92762679acfe19927d81d77",
                "sha256:d7f50a1f8c450f3925cb367d011448c39239bb3eb4117c36a6d354794de4ce76",
                "sha256:d973f03c0cb71c5ed99037b870f2be986c3c05e63622c017ea9816881d2dd247",
                "sha256:d98b1668f06378c6dbefec3b92299716b931cd4e6061f3c875a71ced1780ab85",
                "sha256:d9c3cdf5390dcd29aa8056d13e8e99526cda0305acc038b96b30352aff5ff2bb",
                "sha256:dad3e487649f498dd991eeb901125411559b22e8d7ab25d3aeb1af367df5efd7",
                "sha256:dccbe65bd2f7f7ec22c4ff99ed56faa1e9f785482b9bbd7c717e26fd723a1d1e",
                "sha256:dd78cfcda14a1ef52584dbb008f7ac81c1328c0f58184bf9a84c49c605002da6",
                "sha256:e218488cd232553829be0664c2292d3af2eeeb94b32bea483cf79ac6a694e037",
                "sha256:e358e64305fe12299a08e08978f51fc21fac060dcfcddd95453eabe5b93ed0e1",
                "sha256:ea0d8d539afa5eb2728aa1932a988a9a7af94f18582ffae4bc10b3fbdad0626e",
                "sha256:eab677309cdb30d047996b36d34caeda1dc91149e4fdca0b1a039b3f79d9a807",
                "sha256:eb8178fe3dba6450a3e024e95ac49ed3400e506fd4e9e5c32d30adda88cbd407",
                "sha256:ecddf25bee22fe4fe3737a399d0d177d72bc22be6913acfab364b40bce1ba83c",
                "sha256:eea6ee1db730b3483adf394ea72f808b6e18cf3cb6454b4d86e04fa8c4327a12",
                "sha256:f08ff5e948271dc7e18a35641d2f11a4cd8dfd5634f55228b691e62b37125eb3",
                "sha256:f30bf9fd9be89ecb2360c7d94a711f00c09b976258846efe40db3d05828e8089",
                "sha256:fa88b843d6e211393a37219e6a1c1df99d35e8fd90446f1118f4216e307e48cd",
                "sha256:fc54db6c8593ef7d4b2a331b58653356cf04f67c960f584edb7c3d8c97e8f39e",
                "sha256:fd4ec41f914fa74ad1b8304bbc634b3de73d2a0889bd32076342a573e0779e00",
                "sha256:ffc9202a29ab3920fa812879e95a9e78b2465fd10be7fcbd042899695d75e616"
            ],
            "markers": "python_version >= '3.7'",
            "version": "==3.4.1"
        },
        "fastjsonschema": {
            "hashes": [
                "sha256:794d4f0a58f848961ba16af7b9c85a3e88cd360df008c59aac6fc5ae9323b5d4",
                "sha256:c9e5b7e908310918cf494a434eeb31384dd84a98b57a30bcb1f535015b554667"
            ],
            "index": "pypi",
            "version": "==2.21.1"
        },
        "gql": {
            "hashes": [
                "sha256:f22980844eb6a7c0266ffc70f111b9c7e7c7c13da38c3b439afc7eab3d7c9c8e",
                "sha256:f3beed7c531218eb24d97cb7df031b4a84fdb462f4a2beb86e2633d395937479"
            ],
            "index": "pypi",
            "markers": "python_full_version >= '3.8.1'",
            "version": "==4.0.0"
        },
        "graphql-core": {
            "hashes": [
                "sha256:78b016718c161a6fb20a7d97bbf107f331cd1afe53e45566c59f776ed7f0b45f",
                "sha256:c08eec22f9e40f0bd61d805907e3b3b1b9a320bc606e23dc145eebca07c8fbab"
            ],
            "markers": "python_version >= '3.6' and python_version < '4'",
            "version": "==3.2.6"
        },
        "idna": {
            "hashes": [
                "sha256:12f65c9b470abda6dc35cf8e63cc574b1c52b11df2c86030af0ac09b01b13ea9",
                "sha256:946d195a0d259cbba61165e88e65941f16e9b36ea6ddb97f00452bae8b1287d3"
            ],
            "markers": "python_version >= '3.6'",
            "version": "==3.10"
        },
        "multidict": {
            "hashes": [
                "sha256:01368e3c94032ba6ca0b78e7ccb099643466cf24f8dc8eefcfdc0571d56e58f9",
                "sha256:01d0959807a451fe9fdd4da3e139cb5b77f7328baf2140feeaf233e1d777b729",
                "sha256:024ce601f92d780ca1617ad4be5ac15b501cc2414970ffa2bb2bbc2bd5a68fa5",
                "sha256:047d9425860a8c9544fed1b9584f0c8bcd31bcde9568b047c5e567a1025ecd6e",
                "sha256:0a2088c126b6f72db6c9212ad827d0ba088c01d951cee25e758c450da732c138",
                "sha256:0af5f9dee472371e36d6ae38bde009bd8ce65ac7335f55dcc240379d7bed1495",
                "sha256:0b2e886624be5773e69cf32bcb8534aecdeb38943520b240fed3d5596a430f2f",
                "sha256:0c5cbac6b55ad69cb6aa17ee9343dfbba903118fd530348c330211dc7aa756d1",
                "sha256:0e0558693063c75f3d952abf645c78f3c5dfdd825a41d8c4d8156fc0b0da6e7e",
                "sha256:0f37bed7319b848097085d7d48116f545985db988e2256b2e6f00563a3416ee6",
                "sha256:0ffb87be160942d56d7b87b0fdf098e81ed565add09eaa1294268c7f3caac4c8",
                "sha256:105245cc6b76f51e408451a844a54e6823bbd5a490ebfe5bdfc79798511ceded",
                "sha256:10a68a9191f284fe9d501fef4efe93226e74df92ce7a24e301371293bd4918ae",
                "sha256:14616a30fe6d0a48d0a48d1a633ab3b8bec4cf293aac65f32ed116f620adfd69",
                "sha256:14754eb72feaa1e8ae528468f24250dd997b8e2188c3d2f593f9eba259e4b364",
                "sha256:163c7ea522ea9365a8a57832dea7618e6cbdc3cd75f8c627663587459a4e328f",
                "sha256:17d2cbbfa6ff20821396b25890f155f40c986f9cfbce5667759696d83504954f",
                "sha256:190766dac95aab54cae5b152a56520fd99298f32a1266d66d27fdd1b5ac00f4e",
                "sha256:1a0ccbfe93ca114c5d65a2471d52d8829e56d467c97b0e341cf5ee45410033b3",
                "sha256:21f216669109e02ef3e2415ede07f4f8987f00de8cdfa0cc0b3440d42534f9f0",
                "sha256:22e38b2bc176c5eb9c0a0e379f9d188ae4cd8b28c0f53b52bce7ab0a9e534657",
                "sha256:27d8f8e125c07cb954e54d75d04905a9bba8a439c1d84aca94949d4d03d8601c",
                "sha256:2a4c6875c37aae9794308ec43e3530e4aa0d36579ce38d89979bbf89582002bb",
                "sha256:34d8f2a5ffdceab9dcd97c7a016deb2308531d5f0fced2bb0c9e1df45b3363d7",
                "sha256:350f6b0fe1ced61e778037fdc7613f4051c8baf64b1ee19371b42a3acdb016a0",
                "sha256:37b7187197da6af3ee0b044dbc9625afd0c885f2800815b228a0e70f9a7f473d",
                "sha256:38a0956dd92d918ad5feff3db8fcb4a5eb7dba114da917e1a88475619781b57b",
                "sha256:3ba5aaf600edaf2a868a391779f7a85d93bed147854925f34edd24cc70a3e141",
                "sha256:3bb0eae408fa1996d87247ca0d6a57b7fc1dcf83e8a5c47ab82c558c250d4adf",
                "sha256:3f8e2384cb83ebd23fd07e9eada8ba64afc4c759cd94817433ab8c81ee4b403f",
                "sha256:40cd05eaeb39e2bc8939451f033e57feaa2ac99e07dbca8afe2be450a4a3b6cf",
                "sha256:43868297a5759a845fa3a483fb4392973a95fb1de891605a3728130c52b8f40f",
                "sha256:452ff5da78d4720d7516a3a2abd804957532dd69296cb77319c193e3ffb87e24",
                "sha256:467fe64138cfac771f0e949b938c2e1ada2b5af22f39692aa9258715e9ea613a",
                "sha256:49517449b58d043023720aa58e62b2f74ce9b28f740a0b5d33971149553d72aa",
                "sha256:497a2954adc25c08daff36f795077f63ad33e13f19bfff7736e72c785391534f",
                "sha256:4a1fb393a2c9d202cb766c76208bd7945bc194eba8ac920ce98c6e458f0b524b",
                "sha256:4bb7627fd7a968f41905a4d6343b0d63244a0623f006e9ed989fa2b78f4438a0",
                "sha256:4d09384e75788861e046330308e7af54dd306aaf20eb760eb1d0de26b2bea2cb",
                "sha256:4fefd4a815e362d4f011919d97d7b4a1e566f1dde83dc4ad8cfb5b41de1df68d",
                "sha256:52e3c8d43cdfff587ceedce9deb25e6ae77daba560b626e97a56ddcad3756879",
                "sha256:55624b3f321d84c403cb7d8e6e982f41ae233d85f85db54ba6286f7295dc8a9c",
                "sha256:56c6b3652f945c9bc3ac6c8178cd93132b8d82dd581fcbc3a00676c51302bc1a",
                "sha256:580b643b7fd2c295d83cad90d78419081f53fd532d1f1eb67ceb7060f61cff0d",
                "sha256:59e8d40ab1f5a8597abcef00d04845155a5693b5da00d2c93dbe88f2050f2812",
                "sha256:5df8afd26f162da59e218ac0eefaa01b01b2e6cd606cffa46608f699539246da",
                "sha256:630f70c32b8066ddfd920350bc236225814ad94dfa493fe1910ee17fe4365cbb",
                "sha256:66247d72ed62d5dd29752ffc1d3b88f135c6a8de8b5f63b7c14e973ef5bda19e",
                "sha256:6865f6d3b7900ae020b495d599fcf3765653bc927951c1abb959017f81ae8287",
                "sha256:6bf2f10f70acc7a2446965ffbc726e5fc0b272c97a90b485857e5c70022213eb",
                "sha256:6c84378acd4f37d1b507dfa0d459b449e2321b3ba5f2338f9b085cf7a7ba95eb",
                "sha256:6d46a180acdf6e87cc41dc15d8f5c2986e1e8739dc25dbb7dac826731ef381a4",
                "sha256:756989334015e3335d087a27331659820d53ba432befdef6a718398b0a8493ad",
                "sha256:75aa52fba2d96bf972e85451b99d8e19cc37ce26fd016f6d4aa60da9ab2b005f",
                "sha256:7dd57515bebffd8ebd714d101d4c434063322e4fe24042e90ced41f18b6d3395",
                "sha256:7f683a551e92bdb7fac545b9c6f9fa2aebdeefa61d607510b3533286fcab67f5",
                "sha256:87a32d20759dc52a9e850fe1061b6e41ab28e2998d44168a8a341b99ded1dba0",
                "sha256:8c2fcb12136530ed19572bbba61b407f655e3953ba669b96a35036a11a485793",
                "sha256:8c91cdb30809a96d9ecf442ec9bc45e8cfaa0f7f8bdf534e082c2443a196727e",
                "sha256:8c9854df0eaa610a23494c32a6f44a3a550fb398b6b51a56e8c6b9b3689578db",
                "sha256:8e42332cf8276bb7645d310cdecca93a16920256a5b01bebf747365f86a1675b",
                "sha256:8fe323540c255db0bffee79ad7f048c909f2ab0edb87a597e1c17da6a54e493c",
                "sha256:967af5f238ebc2eb1da4e77af5492219fbd9b4b812347da39a7b5f5c72c0fa45",
                "sha256:9a950b7cf54099c1209f455ac5970b1ea81410f2af60ed9eb3c3f14f0bfcf987",
                "sha256:a1b20a9d56b2d81e2ff52ecc0670d583eaabaa55f402e8d16dd062373dbbe796",
                "sha256:a506a77ddee1efcca81ecbeae27ade3e09cdf21a8ae854d766c2bb4f14053f92",
                "sha256:a59c63061f1a07b861c004e53869eb1211ffd1a4acbca330e3322efa6dd02978",
                "sha256:a650629970fa21ac1fb06ba25dabfc5b8a2054fcbf6ae97c758aa956b8dba802",
                "sha256:a693fc5ed9bdd1c9e898013e0da4dcc640de7963a371c0bd458e50e046bf6438",
                "sha256:aaea28ba20a9026dfa77f4b80369e51cb767c61e33a2d4043399c67bd95fb7c6",
                "sha256:ad8850921d3a8d8ff6fbef790e773cecfc260bbfa0566998980d3fa8f520bc4a",
                "sha256:ad887a8250eb47d3ab083d2f98db7f48098d13d42eb7a3b67d8a5c795f224ace",
                "sha256:ae9408439537c5afdca05edd128a63f56a62680f4b3c234301055d7a2000220f",
                "sha256:af7618b591bae552b40dbb6f93f5518328a949dac626ee75927bba1ecdeea9f4",
                "sha256:b6819f83aef06f560cb15482d619d0e623ce9bf155115150a85ab11b8342a665",
                "sha256:b8aa6f0bd8125ddd04a6593437bad6a7e70f300ff4180a531654aa2ab3f6d58f",
                "sha256:b8eb3025f17b0a4c3cd08cda49acf312a19ad6e8a4edd9dbd591e6506d999402",
                "sha256:b95494daf857602eccf4c18ca33337dd2be705bccdb6dddbfc9d513e6addb9d9",
                "sha256:b9e5853bbd7264baca42ffc53391b490d65fe62849bf2c690fa3f6273dbcd0cb",
                "sha256:bbc14f0365534d35a06970d6a83478b249752e922d662dc24d489af1aa0d1be7",
                "sha256:be5bf4b3224948032a845d12ab0f69f208293742df96dc14c4ff9b09e508fc17",
                "sha256:c5c97aa666cf70e667dfa5af945424ba1329af5dd988a437efeb3a09430389fb",
                "sha256:c7a0e9b561e6460484318a7612e725df1145d46b0ef57c6b9866441bf6e27e0c",
                "sha256:caebafea30ed049c57c673d0b36238b1748683be2593965614d7b0e99125c877",
                "sha256:cbbc54e58b34c3bae389ef00046be0961f30fef7cb0dd9c7756aee376a4f7683",
                "sha256:cc356250cffd6e78416cf5b40dc6a74f1edf3be8e834cf8862d9ed5265cf9b0e",
                "sha256:ce9a40fbe52e57e7edf20113a4eaddfacac0561a0879734e636aa6d4bb5e3fb0",
                "sha256:d191de6cbab2aff5de6c5723101705fd044b3e4c7cfd587a1929b5028b9714b3",
                "sha256:d24f351e4d759f5054b641c81e8291e5d122af0fca5c72454ff77f7cbe492de8",
                "sha256:d2d4e4787672911b48350df02ed3fa3fffdc2f2e8ca06dd6afdf34189b76a9dd",
                "sha256:d8c112f7a90d8ca5d20213aa41eac690bb50a76da153e3afb3886418e61cb22e",
                "sha256:d9890d68c45d1aeac5178ded1d1cccf3bc8d7accf1f976f79bf63099fb16e4bd",
                "sha256:dadf95aa862714ea468a49ad1e09fe00fcc9ec67d122f6596a8d40caf6cec7d0",
                "sha256:db6a3810eec08280a172a6cd541ff4a5f6a97b161d93ec94e6c4018917deb6b7",
                "sha256:db9801fe021f59a5b375ab778973127ca0ac52429a26e2fd86aa9508f4d26eb7",
                "sha256:e167bf899c3d724f9662ef00b4f7fef87a19c22b2fead198a6f68b263618df52",
                "sha256:e1b93790ed0bc26feb72e2f08299691ceb6da5e9e14a0d13cc74f1869af327a0",
                "sha256:e5b1413361cef15340ab9dc61523e653d25723e82d488ef7d60a12878227ed50",
                "sha256:ecab51ad2462197a4c000b6d5701fc8585b80eecb90583635d7e327b7b6923eb",
                "sha256:ed3b94c5e362a8a84d69642dbeac615452e8af9b8eb825b7bc9f31a53a1051e2",
                "sha256:ed8358ae7d94ffb7c397cecb62cbac9578a83ecefc1eba27b9090ee910e2efb6",
                "sha256:edfdcae97cdc5d1a89477c436b61f472c4d40971774ac4729c613b4b133163cb",
                "sha256:ee25f82f53262f9ac93bd7e58e47ea1bdcc3393cef815847e397cba17e284210",
                "sha256:f3be27440f7644ab9a13a6fc86f09cdd90b347c3c5e30c6d6d860de822d7cb53",
                "sha256:f46a6e8597f9bd71b31cc708195d42b634c8527fecbcf93febf1052cacc1f16e",
                "sha256:f6eb37d511bfae9e13e82cb4d1af36b91150466f24d9b2b8a9785816deb16605",
                "sha256:f8d4916a81697faec6cb724a273bd5457e4c6c43d82b29f9dc02c5542fd21fc9",
                "sha256:f93b2b2279883d1d0a9e1bd01f312d6fc315c5e4c1f09e112e4736e2f650bc4e",
                "sha256:f9867e55590e0855bcec60d4f9a092b69476db64573c9fe17e92b0c50614c16a",
                "sha256:f996b87b420995a9174b2a7c1a8daf7db4750be6848b03eb5e639674f7963773"
            ],
            "markers": "python_version >= '3.9'",
            "version": "==6.6.4"
        },
        "propcache": {
            "hashes": [
                "sha256:035e631be25d6975ed87ab23153db6a73426a48db688070d925aa27e996fe93c",
                "sha256:03c89c1b14a5452cf15403e291c0ccd7751d5b9736ecb2c5bab977ad6c5bcd81",
                "sha256:06766d8f34733416e2e34f46fea488ad5d60726bb9481d3cddf89a6fa2d9603f",
                "sha256:0a2f2235ac46a7aa25bdeb03a9e7060f6ecbd213b1f9101c43b3090ffb971ef6",
                "sha256:0b504d29f3c47cf6b9e936c1852246c83d450e8e063d50562115a6be6d3a2535",
                "sha256:0b8d2f607bd8f80ddc04088bc2a037fdd17884a6fcadc47a96e334d72f3717be",
                "sha256:0cc17efde71e12bbaad086d679ce575268d70bc123a5a71ea7ad76f70ba30bba",
                "sha256:0d0fda578d1dc3f77b6b5a5dce3b9ad69a8250a891760a548df850a5e8da87f3",
                "sha256:156c03d07dc1323d8dacaa221fbe028c5c70d16709cdd63502778e6c3ccca1b0",
                "sha256:1f43837d4ca000243fd7fd6301947d7cb93360d03cd08369969450cc6b2ce3b4",
                "sha256:20d7d62e4e7ef05f221e0db2856b979540686342e7dd9973b815599c7057e168",
                "sha256:2183111651d710d3097338dd1893fcf09c9f54e27ff1a8795495a16a469cc90b",
                "sha256:21d8759141a9e00a681d35a1f160892a36fb6caa715ba0b832f7747da48fb6ea",
                "sha256:22d9962a358aedbb7a2e36187ff273adeaab9743373a272976d2e348d08c7770",
                "sha256:261df2e9474a5949c46e962065d88eb9b96ce0f2bd30e9d3136bcde84befd8f2",
                "sha256:261fa020c1c14deafd54c76b014956e2f86991af198c51139faf41c4d5e83892",
                "sha256:28710b0d3975117239c76600ea351934ac7b5ff56e60953474342608dbbb6154",
                "sha256:2a4092e8549031e82facf3decdbc0883755d5bbcc62d3aea9d9e185549936dcf",
                "sha256:2ca6d378f09adb13837614ad2754fa8afaee330254f404299611bce41a8438cb",
                "sha256:310d11aa44635298397db47a3ebce7db99a4cc4b9bbdfcf6c98a60c8d5261cf1",
                "sha256:31248e44b81d59d6addbb182c4720f90b44e1efdc19f58112a3c3a1615fb47ef",
                "sha256:34a624af06c048946709f4278b4176470073deda88d91342665d95f7c6270fbe",
                "sha256:36c8d9b673ec57900c3554264e630d45980fd302458e4ac801802a7fd2ef7897",
                "sha256:3def3da3ac3ce41562d85db655d18ebac740cb3fa4367f11a52b3da9d03a5cc3",
                "sha256:404d70768080d3d3bdb41d0771037da19d8340d50b08e104ca0e7f9ce55fce70",
                "sha256:4445542398bd0b5d32df908031cb1b30d43ac848e20470a878b770ec2dcc6330",
                "sha256:46d7f8aa79c927e5f987ee3a80205c987717d3659f035c85cf0c3680526bdb44",
                "sha256:4927842833830942a5d0a56e6f4839bc484785b8e1ce8d287359794818633ba0",
                "sha256:4adfb44cb588001f68c5466579d3f1157ca07f7504fc91ec87862e2b8e556b88",
                "sha256:4ba3fef1c30f306b1c274ce0b8baaa2c3cdd91f645c48f06394068f37d3837a1",
                "sha256:4c1396592321ac83157ac03a2023aa6cc4a3cc3cfdecb71090054c09e5a7cce3",
                "sha256:4c181cad81158d71c41a2bce88edce078458e2dd5ffee7eddd6b05da85079f43",
                "sha256:54e02207c79968ebbdffc169591009f4474dde3b4679e16634d34c9363ff56b4",
                "sha256:55780d5e9a2ddc59711d727226bb1ba83a22dd32f64ee15594b9392b1f544eb1",
                "sha256:55ffda449a507e9fbd4aca1a7d9aa6753b07d6166140e5a18d2ac9bc49eac220",
                "sha256:5745bc7acdafa978ca1642891b82c19238eadc78ba2aaa293c6863b304e552d7",
                "sha256:59d61f6970ecbd8ff2e9360304d5c8876a6abd4530cb752c06586849ac8a9dc9",
                "sha256:5f559e127134b07425134b4065be45b166183fdcb433cb6c24c8e4149056ad50",
                "sha256:5f57aa0847730daceff0497f417c9de353c575d8da3579162cc74ac294c5369e",
                "sha256:6107ddd08b02654a30fb8ad7a132021759d750a82578b94cd55ee2772b6ebea2",
                "sha256:62180e0b8dbb6b004baec00a7983e4cc52f5ada9cd11f48c3528d8cfa7b96a66",
                "sha256:62b4239611205294cc433845b914131b2a1f03500ff3c1ed093ed216b82621e1",
                "sha256:64a67fb39229a8a8491dd42f864e5e263155e729c2e7ff723d6e25f596b1e8cb",
                "sha256:6d8f3f0eebf73e3c0ff0e7853f68be638b4043c65a70517bb575eff54edd8dbe",
                "sha256:7046e79b989d7fe457bb755844019e10f693752d169076138abf17f31380800c",
                "sha256:70bd8b9cd6b519e12859c99f3fc9a93f375ebd22a50296c3a295028bea73b9e7",
                "sha256:7435d766f978b4ede777002e6b3b6641dd229cd1da8d3d3106a45770365f9ad9",
                "sha256:74413c0ba02ba86f55cf60d18daab219f7e531620c15f1e23d95563f505efe7e",
                "sha256:76cace5d6b2a54e55b137669b30f31aa15977eeed390c7cbfb1dafa8dfe9a701",
                "sha256:7a2368eed65fc69a7a7a40b27f22e85e7627b74216f0846b04ba5c116e191ec9",
                "sha256:7a4f30862869fa2b68380d677cc1c5fcf1e0f2b9ea0cf665812895c75d0ca3b8",
                "sha256:7ca3aee1aa955438c4dba34fc20a9f390e4c79967257d830f137bd5a8a32ed3b",
                "sha256:7f08f1cc28bd2eade7a8a3d2954ccc673bb02062e3e7da09bc75d843386b342f",
                "sha256:85871b050f174bc0bfb437efbdb68aaf860611953ed12418e4361bc9c392749e",
                "sha256:8a08154613f2249519e549de2330cf8e2071c2887309a7b07fb56098f5170a02",
                "sha256:8a544caaae1ac73f1fecfae70ded3e93728831affebd017d53449e3ac052ac1e",
                "sha256:8cabf5b5902272565e78197edb682017d21cf3b550ba0460ee473753f28d23c1",
                "sha256:8de106b6c84506b31c27168582cd3cb3000a6412c16df14a8628e5871ff83c10",
                "sha256:92b69e12e34869a6970fd2f3da91669899994b47c98f5d430b781c26f1d9f387",
                "sha256:9704bedf6e7cbe3c65eca4379a9b53ee6a83749f047808cbb5044d40d7d72198",
                "sha256:98f1ec44fb675f5052cccc8e609c46ed23a35a1cfd18545ad4e29002d858a43f",
                "sha256:9a3cf035bbaf035f109987d9d55dc90e4b0e36e04bbbb95af3055ef17194057b",
                "sha256:9bec58347a5a6cebf239daba9bda37dffec5b8d2ce004d9fe4edef3d2815137e",
                "sha256:9da1cf97b92b51253d5b68cf5a2b9e0dafca095e36b7f2da335e27dc6172a614",
                "sha256:9ecb0aad4020e275652ba3975740f241bd12a61f1a784df044cf7477a02bc252",
                "sha256:a2dc1f4a1df4fecf4e6f68013575ff4af84ef6f478fe5344317a65d38a8e6dc9",
                "sha256:a7fad897f14d92086d6b03fdd2eb844777b0c4d7ec5e3bac0fbae2ab0602bbe5",
                "sha256:ab50cef01b372763a13333b4e54021bdcb291fc9a8e2ccb9c2df98be51bcde6c",
                "sha256:abb7fa19dbf88d3857363e0493b999b8011eea856b846305d8c0512dfdf8fbb1",
                "sha256:acdf05d00696bc0447e278bb53cb04ca72354e562cf88ea6f9107df8e7fd9770",
                "sha256:aff2e4e06435d61f11a428360a932138d0ec288b0a31dd9bd78d200bd4a2b339",
                "sha256:b77ec3c257d7816d9f3700013639db7491a434644c906a2578a11daf13176251",
                "sha256:bca54bd347a253af2cf4544bbec232ab982f4868de0dd684246b67a51bc6b1db",
                "sha256:be29c4f4810c5789cf10ddf6af80b041c724e629fa51e308a7a0fb19ed1ef7bf",
                "sha256:c0075bf773d66fa8c9d41f66cc132ecc75e5bb9dd7cce3cfd14adc5ca184cb95",
                "sha256:c144ca294a204c470f18cf4c9d78887810d04a3e2fbb30eea903575a779159df",
                "sha256:c5c2a784234c28854878d68978265617aa6dc0780e53d44b4d67f3651a17a9a2",
                "sha256:ca592ed634a73ca002967458187109265e980422116c0a107cf93d81f95af945",
                "sha256:cab90ac9d3f14b2d5050928483d3d3b8fb6b4018893fc75710e6aa361ecb2474",
                "sha256:cc2782eb0f7a16462285b6f8394bbbd0e1ee5f928034e941ffc444012224171b",
                "sha256:ce26862344bdf836650ed2487c3d724b00fbfec4233a1013f597b78c1cb73615",
                "sha256:ce2ac2675a6aa41ddb2a0c9cbff53780a617ac3d43e620f8fd77ba1c84dcfc06",
                "sha256:d1a342c834734edb4be5ecb1e9fb48cb64b1e2320fccbd8c54bf8da8f2a84c33",
                "sha256:d4a996adb6904f85894570301939afeee65f072b4fd265ed7e569e8d9058e4ec",
                "sha256:d81ac3ae39d38588ad0549e321e6f773a4e7cc68e7751524a22885d5bbadf886",
                "sha256:db429c19a6c7e8a1c320e6a13c99799450f411b02251fb1b75e6217cf4a14fcb",
                "sha256:df4a81b9b53449ebc90cc4deefb052c1dd934ba85012aa912c7ea7b7e38b60c1",
                "sha256:e41671f1594fc4ab0a6dec1351864713cb3a279910ae8b58f884a88a0a632c05",
                "sha256:e514326b79e51f0a177daab1052bc164d9d9e54133797a3a58d24c9c87a3fe6d",
                "sha256:e53af8cb6a781b02d2ea079b5b853ba9430fcbe18a8e3ce647d5982a3ff69f39",
                "sha256:ee6f22b6eaa39297c751d0e80c0d3a454f112f5c6481214fcf4c092074cecd67",
                "sha256:eef914c014bf72d18efb55619447e0aecd5fb7c2e3fa7441e2e5d6099bddff7e",
                "sha256:f066b437bb3fa39c58ff97ab2ca351db465157d68ed0440abecb21715eb24b28",
                "sha256:f1304b085c83067914721e7e9d9917d41ad87696bf70f0bc7dee450e9c71ad0a",
                "sha256:f86e5d7cd03afb3a1db8e9f9f6eff15794e79e791350ac48a8c924e6f439f394",
                "sha256:fad3b2a085ec259ad2c2842666b2a0a49dea8463579c606426128925af1ed725",
                "sha256:fb075ad271405dcad8e2a7ffc9a750a3bf70e533bd86e89f0603e607b93aa64c",
                "sha256:fd3e6019dc1261cd0291ee8919dd91fbab7b169bb76aeef6c716833a3f65d206"
            ],
            "markers": "python_version >= '3.9'",
            "version": "==0.3.2"
        },
        "requests": {
            "hashes": [
                "sha256:55365417734eb18255590a9ff9eb97e9e1da868d4ccd6402399eaf68af20a760",
                "sha256:70761cfe03c773ceb22aa2f671b4757976145175cdfca038c02654d061d6dcc6"
            ],
            "markers": "python_version >= '3.8'",
            "version": "==2.32.3"
        },
        "requests-toolbelt": {
            "hashes": [
                "sha256:7681a0a3d047012b5bdc0ee37d7f8f07ebe76ab08caeccfc3921ce23c88d5bc6",
                "sha256:cccfdd665f0a24fcf4726e690f65639d272bb0637b9b92dfd91a5568ccf6bd06"
            ],
            "index": "pypi",
            "markers": "python_version >= '2.7' and python_version not in '3.0, 3.1, 3.2, 3.3'",
            "version": "==1.0.0"
        },
        "sniffio": {
            "hashes": [
                "sha256:2f6da418d1f1e0fddd844478f41680e794e6051915791a034ff65e5f100525a2",
                "sha256:f4324edc670a0f49750a81b895f35c3adb843cca46f0530f79fc1babb23789dc"
            ],
            "markers": "python_version >= '3.7'",
            "version": "==1.3.1"
        },
        "typing-extensions": {
            "hashes": [
                "sha256:38b39f4aeeab64884ce9f74c94263ef78f3c22467c8724005483154c26648d36",
                "sha256:d1e1e3b58374dc93031d6eda2420a48ea44a36c2b4766a4fdeb3710755731d76"
            ],
            "markers": "python_version >= '3.9'",
            "version": "==4.14.1"
        },
        "urllib3": {
            "hashes": [
                "sha256:1cee9ad369867bfdbbb48b7dd50374c0967a0bb7710050facf0dd6911440e3df",
                "sha256:f8c5449b3cf0861679ce7e0503c7b44b5ec981bec0d1d3795a07f1ba96f0204d"
            ],
            "markers": "python_version >= '3.9'",
            "version": "==2.3.0"
        },
        "yarl": {
            "hashes": [
                "sha256:03aa1e041727cb438ca762628109ef1333498b122e4c76dd858d186a37cec845",
                "sha256:041eaa14f73ff5a8986b4388ac6bb43a77f2ea09bf1913df7a35d4646db69e53",
                "sha256:0b5ff0fbb7c9f1b1b5ab53330acbfc5247893069e7716840c8e7d5bb7355038a",
                "sha256:0c869f2651cc77465f6cd01d938d91a11d9ea5d798738c1dc077f3de0b5e5fed",
                "sha256:1112ae8154186dfe2de4732197f59c05a83dc814849a5ced892b708033f40dc2",
                "sha256:11a62c839c3a8eac2410e951301309426f368388ff2f33799052787035793b02",
                "sha256:12e768f966538e81e6e7550f9086a6236b16e26cd964cf4df35349970f3551cf",
                "sha256:14a85f3bd2d7bb255be7183e5d7d6e70add151a98edf56a770d6140f5d5f4010",
                "sha256:14f326acd845c2b2e2eb38fb1346c94f7f3b01a4f5c788f8144f9b630bfff9a3",
                "sha256:1c48912653e63aef91ff988c5432832692ac5a1d8f0fb8a33091520b5bbe19ef",
                "sha256:1c92f4390e407513f619d49319023664643d3339bd5e5a56a3bebe01bc67ec04",
                "sha256:1f8a891e4a22a89f5dde7862994485e19db246b70bb288d3ce73a34422e55b23",
                "sha256:21242b4288a6d56f04ea193adde174b7e347ac46ce6bc84989ff7c1b1ecea84e",
                "sha256:255b468adf57b4a7b65d8aad5b5138dce6a0752c139965711bdcb81bc370e1b6",
                "sha256:26ef53a9e726e61e9cd1cda6b478f17e350fb5800b4bd1cd9fe81c4d91cfeb2e",
                "sha256:2c26b0c49220d5799f7b22c6838409ee9bc58ee5c95361a4d7831f03cc225b5a",
                "sha256:2c7b34d804b8cf9b214f05015c4fee2ebe7ed05cf581e7192c06555c71f4446a",
                "sha256:2c89b5c792685dd9cd3fa9761c1b9f46fc240c2a3265483acc1565769996a3f8",
                "sha256:30c41ad5d717b3961b2dd785593b67d386b73feca30522048d37298fee981805",
                "sha256:33f29ecfe0330c570d997bcf1afd304377f2e48f61447f37e846a6058a4d33b2",
                "sha256:344d1103e9c1523f32a5ed704d576172d2cabed3122ea90b1d4e11fe17c66458",
                "sha256:377fae2fef158e8fd9d60b4c8751387b8d1fb121d3d0b8e9b0be07d1b41e83dc",
                "sha256:3cf34efa60eb81dd2645a2e13e00bb98b76c35ab5061a3989c7a70f78c85006d",
                "sha256:41493b9b7c312ac448b7f0a42a089dffe1d6e6e981a2d76205801a023ed26a2b",
                "sha256:41ebd28167bc6af8abb97fec1a399f412eec5fd61a3ccbe2305a18b84fb4ca73",
                "sha256:468f6e40285de5a5b3c44981ca3a319a4b208ccc07d526b20b12aeedcfa654b7",
                "sha256:46b5e0ccf1943a9a6e766b2c2b8c732c55b34e28be57d8daa2b3c1d1d4009309",
                "sha256:47ee6188fea634bdfaeb2cc420f5b3b17332e6225ce88149a17c413c77ff269e",
                "sha256:48ea7d7f9be0487339828a4de0360d7ce0efc06524a48e1810f945c45b813698",
                "sha256:495b4ef2fea40596bfc0affe3837411d6aa3371abcf31aac0ccc4bdd64d4ef5c",
                "sha256:49bdd1b8e00ce57e68ba51916e4bb04461746e794e7c4d4bbc42ba2f18297691",
                "sha256:4a979218c1fdb4246a05efc2cc23859d47c89af463a90b99b7c56094daf25a16",
                "sha256:4c3ae28f3ae1563c50f3d37f064ddb1511ecc1d5584e88c6b7c63cf7702a6d5f",
                "sha256:541d050a355bbbc27e55d906bc91cb6fe42f96c01413dd0f4ed5a5240513874f",
                "sha256:564ab3d517e3d01c408c67f2e5247aad4019dcf1969982aba3974b4093279004",
                "sha256:56dac5f452ed25eef0f6e3c6a066c6ab68971d96a9fb441791cad0efba6140d3",
                "sha256:57edc88517d7fc62b174fcfb2e939fbc486a68315d648d7e74d07fac42cec240",
                "sha256:59174e7332f5d153d8f7452a102b103e2e74035ad085f404df2e40e663a22b28",
                "sha256:595c07bc79af2494365cc96ddeb772f76272364ef7c80fb892ef9d0649586513",
                "sha256:597f40615b8d25812f14562699e287f0dcc035d25eb74da72cae043bb884d773",
                "sha256:59febc3969b0781682b469d4aca1a5cab7505a4f7b85acf6db01fa500fa3f6ba",
                "sha256:6032e6da6abd41e4acda34d75a816012717000fa6839f37124a47fcefc49bec4",
                "sha256:62915e6688eb4d180d93840cda4110995ad50c459bf931b8b3775b37c264af1e",
                "sha256:642980ef5e0fa1de5fa96d905c7e00cb2c47cb468bfcac5a18c58e27dbf8d8d1",
                "sha256:66252d780b45189975abfed839616e8fd2dbacbdc262105ad7742c6ae58f3e31",
                "sha256:67e708dfb8e78d8a19169818eeb5c7a80717562de9051bf2413aca8e3696bf16",
                "sha256:680e19c7ce3710ac4cd964e90dad99bf9b5029372ba0c7cbfcd55e54d90ea819",
                "sha256:69e9b141de5511021942a6866990aea6d111c9042235de90e08f94cf972ca03d",
                "sha256:69ff8439d8ba832d6bed88af2c2b3445977eba9a4588b787b32945871c2444e3",
                "sha256:6c4fbf6b02d70e512d7ade4b1f998f237137f1417ab07ec06358ea04f69134f8",
                "sha256:6f3eff4cc3f03d650d8755c6eefc844edde99d641d0dcf4da3ab27141a5f8ddf",
                "sha256:749d73611db8d26a6281086f859ea7ec08f9c4c56cec864e52028c8b328db723",
                "sha256:76d12524d05841276b0e22573f28d5fbcb67589836772ae9244d90dd7d66aa13",
                "sha256:793fd0580cb9664548c6b83c63b43c477212c0260891ddf86809e1c06c8b08f1",
                "sha256:7a8900a42fcdaad568de58887c7b2f602962356908eedb7628eaf6021a6e435b",
                "sha256:7bdd2f80f4a7df852ab9ab49484a4dee8030023aa536df41f2d922fd57bf023f",
                "sha256:812303eb4aa98e302886ccda58d6b099e3576b1b9276161469c25803a8db277d",
                "sha256:835ab2cfc74d5eb4a6a528c57f05688099da41cf4957cf08cad38647e4a83b30",
                "sha256:83b8eb083fe4683c6115795d9fc1cfaf2cbbefb19b3a1cb68f6527460f483a77",
                "sha256:8570d998db4ddbfb9a590b185a0a33dbf8aafb831d07a5257b4ec9948df9cb0a",
                "sha256:8601bc010d1d7780592f3fc1bdc6c72e2b6466ea34569778422943e1a1f3c389",
                "sha256:86971e2795584fe8c002356d3b97ef6c61862720eeff03db2a7c86b678d85b3e",
                "sha256:88cab98aa4e13e1ade8c141daeedd300a4603b7132819c484841bb7af3edce9e",
                "sha256:8e0fe9364ad0fddab2688ce72cb7a8e61ea42eff3c7caeeb83874a5d479c896c",
                "sha256:8f64fbf81878ba914562c672024089e3401974a39767747691c65080a67b18c1",
                "sha256:8f969afbb0a9b63c18d0feecf0db09d164b7a44a053e78a7d05f5df163e43833",
                "sha256:909313577e9619dcff8c31a0ea2aa0a2a828341d92673015456b3ae492e7317b",
                "sha256:90bbd29c4fe234233f7fa2b9b121fb63c321830e5d05b45153a2ca68f7d310ee",
                "sha256:9427925776096e664c39e131447aa20ec738bdd77c049c48ea5200db2237e000",
                "sha256:97c75596019baae7c71ccf1d8cc4738bc08134060d0adfcbe5642f778d1dca38",
                "sha256:98c4a7d166635147924aa0bf9bfe8d8abad6fffa6102de9c99ea04a1376f91e8",
                "sha256:a97d67108e79cfe22e2b430d80d7571ae57d19f17cda8bb967057ca8a7bf5bfd",
                "sha256:aef6c4d69554d44b7f9d923245f8ad9a707d971e6209d51279196d8e8fe1ae16",
                "sha256:b121ff6a7cbd4abc28985b6028235491941b9fe8fe226e6fdc539c977ea1739d",
                "sha256:b29a2c385a5f5b9c7d9347e5812b6f7ab267193c62d282a540b4fc528c8a9d2a",
                "sha256:b5f307337819cdfdbb40193cad84978a029f847b0a357fbe49f712063cfc4f06",
                "sha256:b982fa7f74c80d5c0c7b5b38f908971e513380a10fecea528091405f519b9ebb",
                "sha256:bad6d131fda8ef508b36be3ece16d0902e80b88ea7200f030a0f6c11d9e508d4",
                "sha256:bdcc4cd244e58593a4379fe60fdee5ac0331f8eb70320a24d591a3be197b94a9",
                "sha256:bea21cdae6c7eb02ba02a475f37463abfe0a01f5d7200121b03e605d6a0439f8",
                "sha256:c03bfebc4ae8d862f853a9757199677ab74ec25424d0ebd68a0027e9c639a390",
                "sha256:c5e9642f27036283550f5f57dc6156c51084b458570b9d0d96100c8bebb186a8",
                "sha256:c7d7f497126d65e2cad8dc5f97d34c27b19199b6414a40cb36b52f41b79014be",
                "sha256:c7ddf7a09f38667aea38801da8b8d6bfe81df767d9dfc8c88eb45827b195cd1c",
                "sha256:d017a4997ee50c91fd5466cef416231bb82177b93b029906cefc542ce14c35ac",
                "sha256:d0f6500f69e8402d513e5eedb77a4e1818691e8f45e6b687147963514d84b44b",
                "sha256:d1a4fbb50e14396ba3d375f68bfe02215d8e7bc3ec49da8341fe3157f59d2ff5",
                "sha256:d25ddcf954df1754ab0f86bb696af765c5bfaba39b74095f27eececa049ef9a4",
                "sha256:d2b6fb3622b7e5bf7a6e5b679a69326b4279e805ed1699d749739a61d242449e",
                "sha256:daadbdc1f2a9033a2399c42646fbd46da7992e868a5fe9513860122d7fe7a73f",
                "sha256:dab096ce479d5894d62c26ff4f699ec9072269d514b4edd630a393223f45a0ee",
                "sha256:daea0d313868da1cf2fac6b2d3a25c6e3a9e879483244be38c8e6a41f1d876a5",
                "sha256:dd803820d44c8853a109a34e3660e5a61beae12970da479cf44aa2954019bf70",
                "sha256:df018d92fe22aaebb679a7f89fe0c0f368ec497e3dda6cb81a567610f04501f1",
                "sha256:df47c55f7d74127d1b11251fe6397d84afdde0d53b90bedb46a23c0e534f9d24",
                "sha256:e3968ec7d92a0c0f9ac34d5ecfd03869ec0cab0697c91a45db3fbbd95fe1b653",
                "sha256:e42ba79e2efb6845ebab49c7bf20306c4edf74a0b20fc6b2ccdd1a219d12fad3",
                "sha256:eae7bfe2069f9c1c5b05fc7fe5d612e5bbc089a39309904ee8b829e322dcad00",
                "sha256:f5a5928ff5eb13408c62a968ac90d43f8322fd56d87008b8f9dabf3c0f6ee983",
                "sha256:f60233b98423aab21d249a30eb27c389c14929f47be8430efa7dbd91493a729d",
                "sha256:f60e4ad5db23f0b96e49c018596707c3ae89f5d0bd97f0ad3684bcbad899f1e7",
                "sha256:f6342d643bf9a1de97e512e45e4b9560a043347e779a173250824f8b254bd5ce",
                "sha256:fe41919b9d899661c5c28a8b4b0acf704510b88f27f0934ac7a7bebdd8938d5e",
                "sha256:ff70f32aa316393eaf8222d518ce9118148eddb8a53073c2403863b41033eed5"
            ],
            "markers": "python_version >= '3.9'",
            "version": "==1.20.1"
        }
    },
    "develop": {
        "astroid": {
            "hashes": [
                "sha256:1e5a5011af2920c7c67a53f65d536d65bfa7116feeaf2354d8b94f29573bb0ce",
                "sha256:54c760ae8322ece1abd213057c4b5bba7c49818853fc901ef09719a60dbf9dec"
            ],
            "markers": "python_full_version >= '3.9.0'",
            "version": "==3.3.11"
        },
        "black": {
            "hashes": [
                "sha256:030b9759066a4ee5e5aca28c3c77f9c64789cdd4de8ac1df642c40b708be6171",
                "sha256:055e59b198df7ac0b7efca5ad7ff2516bca343276c466be72eb04a3bcc1f82d7",
                "sha256:0e519ecf93120f34243e6b0054db49c00a35f84f195d5bce7e9f5cfc578fc2da",
                "sha256:172b1dbff09f86ce6f4eb8edf9dede08b1fce58ba194c87d7a4f1a5aa2f5b3c2",
                "sha256:1e2978f6df243b155ef5fa7e558a43037c3079093ed5d10fd84c43900f2d8ecc",
                "sha256:33496d5cd1222ad73391352b4ae8da15253c5de89b93a80b3e2c8d9a19ec2666",
                "sha256:3b48735872ec535027d979e8dcb20bf4f70b5ac75a8ea99f127c106a7d7aba9f",
                "sha256:4b60580e829091e6f9238c848ea6750efed72140b91b048770b64e74fe04908b",
                "sha256:759e7ec1e050a15f89b770cefbf91ebee8917aac5c20483bc2d80a6c3a04df32",
                "sha256:8f0b18a02996a836cc9c9c78e5babec10930862827b1b724ddfe98ccf2f2fe4f",
                "sha256:95e8176dae143ba9097f351d174fdaf0ccd29efb414b362ae3fd72bf0f710717",
                "sha256:96c1c7cd856bba8e20094e36e0f948718dc688dba4a9d78c3adde52b9e6c2299",
                "sha256:a1ee0a0c330f7b5130ce0caed9936a904793576ef4d2b98c40835d6a65afa6a0",
                "sha256:a22f402b410566e2d1c950708c77ebf5ebd5d0d88a6a2e87c86d9fb48afa0d18",
                "sha256:a39337598244de4bae26475f77dda852ea00a93bd4c728e09eacd827ec929df0",
                "sha256:afebb7098bfbc70037a053b91ae8437c3857482d3a690fefc03e9ff7aa9a5fd3",
                "sha256:bacabb307dca5ebaf9c118d2d2f6903da0d62c9faa82bd21a33eecc319559355",
                "sha256:bce2e264d59c91e52d8000d507eb20a9aca4a778731a08cfff7e5ac4a4bb7096",
                "sha256:d9e6827d563a2c820772b32ce8a42828dc6790f095f441beef18f96aa6f8294e",
                "sha256:db8ea9917d6f8fc62abd90d944920d95e73c83a5ee3383493e35d271aca872e9",
                "sha256:ea0213189960bda9cf99be5b8c8ce66bb054af5e9e861249cd23471bd7b0b3ba",
                "sha256:f3df5f1bf91d36002b0a75389ca8663510cf0531cca8aa5c1ef695b46d98655f"
            ],
            "index": "pypi",
            "markers": "python_version >= '3.9'",
            "version": "==25.1.0"
        },
        "click": {
            "hashes": [
                "sha256:63c132bbbed01578a06712a2d1f497bb62d9c1c0d329b7903a866228027263b2",
                "sha256:ed53c9d8990d83c2a27deae68e4ee337473f6330c040a31d4225c9574d16096a"
            ],
            "markers": "python_version >= '3.7'",
            "version": "==8.1.8"
        },
        "dill": {
            "hashes": [
                "sha256:0633f1d2df477324f53a895b02c901fb961bdbf65a17122586ea7019292cbcf0",
                "sha256:44f54bf6412c2c8464c14e8243eb163690a9800dbe2c367330883b19c7561049"
            ],
            "markers": "python_version >= '3.8'",
            "version": "==0.4.0"
        },
        "iniconfig": {
            "hashes": [
                "sha256:3abbd2e30b36733fee78f9c7f7308f2d0050e88f0087fd25c2645f63c773e1c7",
                "sha256:9deba5723312380e77435581c6bf4935c94cbfab9b1ed33ef8d238ea168eb760"
            ],
            "markers": "python_version >= '3.8'",
            "version": "==2.1.0"
        },
        "isort": {
            "hashes": [
                "sha256:1cb5df28dfbc742e490c5e41bad6da41b805b0a8be7bc93cd0fb2a8a890ac450",
                "sha256:2dc5d7f65c9678d94c88dfc29161a320eec67328bc97aad576874cb4be1e9615"
            ],
            "markers": "python_full_version >= '3.9.0'",
            "version": "==6.0.1"
        },
        "mccabe": {
            "hashes": [
                "sha256:348e0240c33b60bbdf4e523192ef919f28cb2c3d7d5c7794f74009290f236325",
                "sha256:6c2d30ab6be0e4a46919781807b4f0d834ebdd6c6e3dca0bda5a15f863427b6e"
            ],
            "markers": "python_version >= '3.6'",
            "version": "==0.7.0"
        },
        "mypy-extensions": {
            "hashes": [
                "sha256:4392f6c0eb8a5668a69e23d168ffa70f0be9ccfd32b5cc2d26a34ae5b844552d",
                "sha256:75dbf8955dc00442a438fc4d0666508a9a97b6bd41aa2f0ffe9d2f2725af0782"
            ],
            "markers": "python_version >= '3.5'",
            "version": "==1.0.0"
        },
        "packaging": {
            "hashes": [
                "sha256:29572ef2b1f17581046b3a2227d5c611fb25ec70ca1ba8554b24b0e69331a484",
                "sha256:d443872c98d677bf60f6a1f2f8c1cb748e8fe762d2bf9d3148b5599295b0fc4f"
            ],
            "markers": "python_version >= '3.8'",
            "version": "==25.0"
        },
        "pathspec": {
            "hashes": [
                "sha256:a0d503e138a4c123b27490a4f7beda6a01c6f288df0e4a8b79c7eb0dc7b4cc08",
                "sha256:a482d51503a1ab33b1c67a6c3813a26953dbdc71c31dacaef9a838c4e29f5712"
            ],
            "markers": "python_version >= '3.8'",
            "version": "==0.12.1"
        },
        "platformdirs": {
            "hashes": [
                "sha256:3d512d96e16bcb959a814c9f348431070822a6496326a4be0911c40b5a74c2bc",
                "sha256:ff7059bb7eb1179e2685604f4aaf157cfd9535242bd23742eadc3c13542139b4"
            ],
            "markers": "python_version >= '3.9'",
            "version": "==4.3.8"
        },
        "pluggy": {
            "hashes": [
                "sha256:7dcc130b76258d33b90f61b658791dede3486c3e6bfb003ee5c9bfb396dd22f3",
                "sha256:e920276dd6813095e9377c0bc5566d94c932c33b27a3e3945d8389c374dd4746"
            ],
            "markers": "python_version >= '3.9'",
            "version": "==1.6.0"
        },
        "pygments": {
            "hashes": [
                "sha256:636cb2477cec7f8952536970bc533bc43743542f70392ae026374600add5b887",
                "sha256:86540386c03d588bb81d44bc3928634ff26449851e99741617ecb9037ee5ec0b"
            ],
            "markers": "python_version >= '3.8'",
            "version": "==2.19.2"
        },
        "pylint": {
            "hashes": [
                "sha256:26698de19941363037e2937d3db9ed94fb3303fdadf7d98847875345a8bb6b05",
                "sha256:7ef94aa692a600e82fabdd17102b73fc226758218c97473c7ad67bd4cb905d83"
            ],
            "index": "pypi",
            "markers": "python_full_version >= '3.9.0'",
            "version": "==3.3.8"
        },
        "pytest": {
            "hashes": [
                "sha256:539c70ba6fcead8e78eebbf1115e8b589e7565830d7d006a8723f19ac8a0afb7",
                "sha256:7c67fd69174877359ed9371ec3af8a3d2b04741818c51e5e99cc1742251fa93c"
            ],
            "index": "pypi",
            "markers": "python_version >= '3.9'",
            "version": "==8.4.1"
        },
        "tomlkit": {
            "hashes": [
                "sha256:430cf247ee57df2b94ee3fbe588e71d362a941ebb545dec29b53961d61add2a1",
                "sha256:c89c649d79ee40629a9fda55f8ace8c6a1b42deb912b2a8fd8d942ddadb606b0"
            ],
            "markers": "python_version >= '3.8'",
            "version": "==0.13.3"
        }
    }
}
